
Microsoft Visual Studio Solution File, Format Version 12.00
# Visual Studio Version 16
VisualStudioVersion = 16.0.30621.155
MinimumVisualStudioVersion = 10.0.40219.1
Project("{FAE04EC0-301F-11D3-BF4B-00C04F79EFBC}") = "PrjModule4", "PrjModule4\PrjModule4.csproj", "{8029B3BD-3CF2-4235-8662-692E45F307A2}"
EndProject
Project("{FAE04EC0-301F-11D3-BF4B-00C04F79EFBC}") = "MathSolver", "MathSolver\MathSolver.csproj", "{6F4E7D8C-BD59-4609-8F49-316A88050455}"
EndProject
Project("{FAE04EC0-301F-11D3-BF4B-00C04F79EFBC}") = "MathSolver.Tests", "MathSolver.Tests\MathSolver.Tests.csproj", "{3818313E-814F-4700-935C-642D95D48C3B}"
EndProject
Global
	GlobalSection(SolutionConfigurationPlatforms) = preSolution
		Debug|Any CPU = Debug|Any CPU
		Release|Any CPU = Release|Any CPU
	EndGlobalSection
	GlobalSection(ProjectConfigurationPlatforms) = postSolution
		{8029B3BD-3CF2-4235-8662-692E45F307A2}.Debug|Any CPU.ActiveCfg = Debug|Any CPU
		{8029B3BD-3CF2-4235-8662-692E45F307A2}.Debug|Any CPU.Build.0 = Debug|Any CPU
		{8029B3BD-3CF2-4235-8662-692E45F307A2}.Release|Any CPU.ActiveCfg = Release|Any CPU
		{8029B3BD-3CF2-4235-8662-692E45F307A2}.Release|Any CPU.Build.0 = Release|Any CPU
		{6F4E7D8C-BD59-4609-8F49-316A88050455}.Debug|Any CPU.ActiveCfg = Debug|Any CPU
		{6F4E7D8C-BD59-4609-8F49-316A88050455}.Debug|Any CPU.Build.0 = Debug|Any CPU
		{6F4E7D8C-BD59-4609-8F49-316A88050455}.Release|Any CPU.ActiveCfg = Release|Any CPU
		{6F4E7D8C-BD59-4609-8F49-316A88050455}.Release|Any CPU.Build.0 = Release|Any CPU
		{3818313E-814F-4700-935C-642D95D48C3B}.Debug|Any CPU.ActiveCfg = Debug|Any CPU
		{3818313E-814F-4700-935C-642D95D48C3B}.Debug|Any CPU.Build.0 = Debug|Any CPU
		{3818313E-814F-4700-935C-642D95D48C3B}.Release|Any CPU.ActiveCfg = Release|Any CPU
		{3818313E-814F-4700-935C-642D95D48C3B}.Release|Any CPU.Build.0 = Release|Any CPU
	EndGlobalSection
	GlobalSection(SolutionProperties) = preSolution
		HideSolutionNode = FALSE
	EndGlobalSection
	GlobalSection(ExtensibilityGlobals) = postSolution
		SolutionGuid = {507B5F6E-3818-4A04-8448-BC868F857746}
	EndGlobalSection
EndGlobal
